
Microsoft Visual Studio Solution File, Format Version 12.00
# Visual Studio Version 17
VisualStudioVersion = 17.3.32901.215
MinimumVisualStudioVersion = 10.0.40219.1
Project("{FAE04EC0-301F-11D3-BF4B-00C04F79EFBC}") = "Kanski.ServiceSample", "Kanski.ServiceSample\Kanski.ServiceSample.csproj", "{48E807BE-257F-464B-B1D7-BB4E3F9C279B}"
EndProject
Global
	GlobalSection(SolutionConfigurationPlatforms) = preSolution
		Debug|Any CPU = Debug|Any CPU
		Release|Any CPU = Release|Any CPU
	EndGlobalSection
	GlobalSection(ProjectConfigurationPlatforms) = postSolution
		{48E807BE-257F-464B-B1D7-BB4E3F9C279B}.Debug|Any CPU.ActiveCfg = Debug|Any CPU
		{48E807BE-257F-464B-B1D7-BB4E3F9C279B}.Debug|Any CPU.Build.0 = Debug|Any CPU
		{48E807BE-257F-464B-B1D7-BB4E3F9C279B}.Release|Any CPU.ActiveCfg = Release|Any CPU
		{48E807BE-257F-464B-B1D7-BB4E3F9C279B}.Release|Any CPU.Build.0 = Release|Any CPU
	EndGlobalSection
	GlobalSection(SolutionProperties) = preSolution
		HideSolutionNode = FALSE
	EndGlobalSection
	GlobalSection(ExtensibilityGlobals) = postSolution
		SolutionGuid = {BE5E3648-886F-4A87-B6FE-E821269BB61F}
	EndGlobalSection
EndGlobal
